# THIS IS AN AUTOGENERATED FILE. DO NOT EDIT THIS FILE DIRECTLY.
# yarn lockfile v1


love-typescript-definitions@^0.20.1:
  version "0.20.3"
  resolved "https://registry.yarnpkg.com/love-typescript-definitions/-/love-typescript-definitions-0.20.3.tgz#8eaf09ed7b05353816b016ec6f4451f708861716"
  integrity sha512-sEbRqOlNxzJ54VD2OYcm8jaBXOTJHz8/8gC/j+pFyMNFuoxdc5GCYqbVXIBjkUJdQI13D0z05ortYrRoN9UVTg==

lua-types@^2.8.0:
  version "2.8.0"
  resolved "https://registry.yarnpkg.com/lua-types/-/lua-types-2.8.0.tgz#4514f5c31b7418d3d6af0728023fefb160bc01b0"
  integrity sha512-FJY32giHIqD/XW1XGkJnl8XotXIJsJ2M42fj9A2UudttWA6orJioToW1OpgPdayTr+S1/oTO7i+hfBY3UVG8Fg==
